
Microsoft Visual Studio Solution File, Format Version 12.00
# Visual Studio Version 17
VisualStudioVersion = 17.11.35222.181
MinimumVisualStudioVersion = 10.0.40219.1
Project("{F184B08F-C81C-45F6-A57F-5ABD9991F28F}") = "CHINA TOWN RECIEPTS APP", "CHINA TOWN RECIEPTS APP.vbproj", "{EDA33F7F-D5CA-4CD6-94A7-2E11BDDCF3BE}"
EndProject
Global
	GlobalSection(SolutionConfigurationPlatforms) = preSolution
		Debug|Any CPU = Debug|Any CPU
		Release|Any CPU = Release|Any CPU
	EndGlobalSection
	GlobalSection(ProjectConfigurationPlatforms) = postSolution
		{EDA33F7F-D5CA-4CD6-94A7-2E11BDDCF3BE}.Debug|Any CPU.ActiveCfg = Debug|Any CPU
		{EDA33F7F-D5CA-4CD6-94A7-2E11BDDCF3BE}.Debug|Any CPU.Build.0 = Debug|Any CPU
		{EDA33F7F-D5CA-4CD6-94A7-2E11BDDCF3BE}.Release|Any CPU.ActiveCfg = Release|Any CPU
		{EDA33F7F-D5CA-4CD6-94A7-2E11BDDCF3BE}.Release|Any CPU.Build.0 = Release|Any CPU
	EndGlobalSection
	GlobalSection(SolutionProperties) = preSolution
		HideSolutionNode = FALSE
	EndGlobalSection
	GlobalSection(ExtensibilityGlobals) = postSolution
		SolutionGuid = {F34FDD7D-B7B7-4AA3-8059-B3EE69064772}
	EndGlobalSection
EndGlobal
